<?xml version="1.0" encoding="utf-8"?>
<Project ToolsVersion="4.0" xmlns="http://schemas.microsoft.com/developer/msbuild/2003">
  <ItemGroup>
    <Filter Include="Nova">
      <UniqueIdentifier>{D9BC897C-C5F3-8A0D-6EE0-70105AF6060F}</UniqueIdentifier>
    </Filter>
    <Filter Include="Nova\Core">
      <UniqueIdentifier>{D1D0A741-3D3B-5CB8-8679-0D5EF2223A0D}</UniqueIdentifier>
    </Filter>
    <Filter Include="Nova\Event">
      <UniqueIdentifier>{EABCC976-D674-0BC4-3F7C-E41F2B53A6B4}</UniqueIdentifier>
    </Filter>
    <Filter Include="Nova\Imgui">
      <UniqueIdentifier>{E3380D77-CFF0-4EC4-38F8-272024CFE9B4}</UniqueIdentifier>
    </Filter>
    <Filter Include="Nova\Platform">
      <UniqueIdentifier>{4D7DE071-B93D-5CA8-8278-A525EEF7A084}</UniqueIdentifier>
    </Filter>
    <Filter Include="Nova\Platform\Opengl">
      <UniqueIdentifier>{2192FBAC-0D21-8576-B63F-9971A2AD951C}</UniqueIdentifier>
    </Filter>
    <Filter Include="Nova\Platform\Windows">
      <UniqueIdentifier>{872489A4-F390-449F-BC84-DCFC28B06607}</UniqueIdentifier>
    </Filter>
  </ItemGroup>
  <ItemGroup>
    <ClInclude Include="source\Nova.h" />
    <ClInclude Include="source\Nova\Core\Application.h">
      <Filter>Nova\Core</Filter>
    </ClInclude>
    <ClInclude Include="source\Nova\Core\Base.h">
      <Filter>Nova\Core</Filter>
    </ClInclude>
    <ClInclude Include="source\Nova\Core\EntryPoint.h">
      <Filter>Nova\Core</Filter>
    </ClInclude>
    <ClInclude Include="source\Nova\Core\Input.h">
      <Filter>Nova\Core</Filter>
    </ClInclude>
    <ClInclude Include="source\Nova\Core\KeyCode.h">
      <Filter>Nova\Core</Filter>
    </ClInclude>
    <ClInclude Include="source\Nova\Core\Layer.h">
      <Filter>Nova\Core</Filter>
    </ClInclude>
    <ClInclude Include="source\Nova\Core\LayerQueue.h">
      <Filter>Nova\Core</Filter>
    </ClInclude>
    <ClInclude Include="source\Nova\Core\Log.h">
      <Filter>Nova\Core</Filter>
    </ClInclude>
    <ClInclude Include="source\Nova\Core\MouseButtonCode.h">
      <Filter>Nova\Core</Filter>
    </ClInclude>
    <ClInclude Include="source\Nova\Core\Window.h">
      <Filter>Nova\Core</Filter>
    </ClInclude>
    <ClInclude Include="source\Nova\Event\Event.h">
      <Filter>Nova\Event</Filter>
    </ClInclude>
    <ClInclude Include="source\Nova\Event\KeyEvent.h">
      <Filter>Nova\Event</Filter>
    </ClInclude>
    <ClInclude Include="source\Nova\Event\MouseEvent.h">
      <Filter>Nova\Event</Filter>
    </ClInclude>
    <ClInclude Include="source\Nova\Event\WindowEvent.h">
      <Filter>Nova\Event</Filter>
    </ClInclude>
    <ClInclude Include="source\Nova\Imgui\ImguiLayer.h">
      <Filter>Nova\Imgui</Filter>
    </ClInclude>
    <ClInclude Include="source\Nova\Platform\Opengl\imgui_impl_opengl3.h">
      <Filter>Nova\Platform\Opengl</Filter>
    </ClInclude>
    <ClInclude Include="source\Nova\Platform\Windows\WindowsInput.h">
      <Filter>Nova\Platform\Windows</Filter>
    </ClInclude>
    <ClInclude Include="source\Nova\Platform\Windows\WindowsWindow.h">
      <Filter>Nova\Platform\Windows</Filter>
    </ClInclude>
    <ClInclude Include="source\NovaPch.h" />
  </ItemGroup>
  <ItemGroup>
    <ClCompile Include="source\Nova\Core\Application.cpp">
      <Filter>Nova\Core</Filter>
    </ClCompile>
    <ClCompile Include="source\Nova\Core\Layer.cpp">
      <Filter>Nova\Core</Filter>
    </ClCompile>
    <ClCompile Include="source\Nova\Core\LayerQueue.cpp">
      <Filter>Nova\Core</Filter>
    </ClCompile>
    <ClCompile Include="source\Nova\Core\Log.cpp">
      <Filter>Nova\Core</Filter>
    </ClCompile>
    <ClCompile Include="source\Nova\Core\Window.cpp">
      <Filter>Nova\Core</Filter>
    </ClCompile>
    <ClCompile Include="source\Nova\Imgui\ImguiLayer.cpp">
      <Filter>Nova\Imgui</Filter>
    </ClCompile>
    <ClCompile Include="source\Nova\Platform\Opengl\imgui_impl_opengl3.cpp">
      <Filter>Nova\Platform\Opengl</Filter>
    </ClCompile>
    <ClCompile Include="source\Nova\Platform\Windows\WindowsInput.cpp">
      <Filter>Nova\Platform\Windows</Filter>
    </ClCompile>
    <ClCompile Include="source\Nova\Platform\Windows\WindowsWindow.cpp">
      <Filter>Nova\Platform\Windows</Filter>
    </ClCompile>
    <ClCompile Include="source\NovaPch.cpp" />
  </ItemGroup>
</Project>