<?xml version="1.0" encoding="utf-8"?>
<Project ToolsVersion="4.0" xmlns="http://schemas.microsoft.com/developer/msbuild/2003">
  <ItemGroup>
    <Filter Include="Nova">
      <UniqueIdentifier>{D9BC897C-C5F3-8A0D-6EE0-70105AF6060F}</UniqueIdentifier>
    </Filter>
  </ItemGroup>
  <ItemGroup>
    <ClInclude Include="source\Nova.h" />
    <ClInclude Include="source\Nova\Application.h">
      <Filter>Nova</Filter>
    </ClInclude>
    <ClInclude Include="source\Nova\Core.h">
      <Filter>Nova</Filter>
    </ClInclude>
    <ClInclude Include="source\Nova\EntryPoint.h">
      <Filter>Nova</Filter>
    </ClInclude>
    <ClInclude Include="source\Nova\Log.h">
      <Filter>Nova</Filter>
    </ClInclude>
    <ClInclude Include="source\Nova\NovaPch.h">
      <Filter>Nova</Filter>
    </ClInclude>
  </ItemGroup>
  <ItemGroup>
    <ClCompile Include="source\Nova\Application.cpp">
      <Filter>Nova</Filter>
    </ClCompile>
    <ClCompile Include="source\Nova\Log.cpp">
      <Filter>Nova</Filter>
    </ClCompile>
    <ClCompile Include="source\Nova\NovaPch.cpp">
      <Filter>Nova</Filter>
    </ClCompile>
  </ItemGroup>
</Project>